
Microsoft Visual Studio Solution File, Format Version 12.00
# Visual Studio Version 16
VisualStudioVersion = 16.0.30907.101
MinimumVisualStudioVersion = 10.0.40219.1
Project("{FAE04EC0-301F-11D3-BF4B-00C04F79EFBC}") = "WebFormsWithWebPack", "WebFormsWithWebPack\WebFormsWithWebPack.csproj", "{6B4B3B6E-B950-428F-877C-51463A689C59}"
EndProject
Global
	GlobalSection(SolutionConfigurationPlatforms) = preSolution
		Debug|Any CPU = Debug|Any CPU
		Release|Any CPU = Release|Any CPU
	EndGlobalSection
	GlobalSection(ProjectConfigurationPlatforms) = postSolution
		{6B4B3B6E-B950-428F-877C-51463A689C59}.Debug|Any CPU.ActiveCfg = Debug|Any CPU
		{6B4B3B6E-B950-428F-877C-51463A689C59}.Release|Any CPU.ActiveCfg = Release|Any CPU
		{6B4B3B6E-B950-428F-877C-51463A689C59}.Release|Any CPU.Build.0 = Release|Any CPU
	EndGlobalSection
	GlobalSection(SolutionProperties) = preSolution
		HideSolutionNode = FALSE
	EndGlobalSection
	GlobalSection(ExtensibilityGlobals) = postSolution
		SolutionGuid = {5AC34E82-8072-4BF4-955E-A253F7471173}
	EndGlobalSection
EndGlobal
